
Microsoft Visual Studio Solution File, Format Version 11.00
# Visual Studio 2010
Project("{FAE04EC0-301F-11D3-BF4B-00C04F79EFBC}") = "Mirimin", "Assembly-CSharp.csproj", "{52C20091-F2A6-255F-177F-CA12B5C798DC}"
EndProject
Global
	GlobalSection(SolutionConfigurationPlatforms) = preSolution
		Debug|Any CPU = Debug|Any CPU
		Release|Any CPU = Release|Any CPU
	EndGlobalSection
	GlobalSection(ProjectConfigurationPlatforms) = postSolution
		{52C20091-F2A6-255F-177F-CA12B5C798DC}.Debug|Any CPU.ActiveCfg = Debug|Any CPU
		{52C20091-F2A6-255F-177F-CA12B5C798DC}.Debug|Any CPU.Build.0 = Debug|Any CPU
		{52C20091-F2A6-255F-177F-CA12B5C798DC}.Release|Any CPU.ActiveCfg = Release|Any CPU
		{52C20091-F2A6-255F-177F-CA12B5C798DC}.Release|Any CPU.Build.0 = Release|Any CPU
	EndGlobalSection
	GlobalSection(SolutionProperties) = preSolution
		HideSolutionNode = FALSE
	EndGlobalSection
	GlobalSection(MonoDevelopProperties) = preSolution
		StartupItem = Assembly-CSharp.csproj
	EndGlobalSection
EndGlobal
